{
    "_meta": {
        "hash": {
            "sha256": "932f6658569093eb1437fa2efcf260f6220cbe5950e77c04d7d07a861d2d1e37"
        },
        "host-environment-markers": {
            "implementation_name": "cpython",
            "implementation_version": "3.6.4",
            "os_name": "posix",
            "platform_machine": "x86_64",
            "platform_python_implementation": "CPython",
            "platform_release": "17.4.0",
            "platform_system": "Darwin",
            "platform_version": "Darwin Kernel Version 17.4.0: Sun Dec 17 09:19:54 PST 2017; root:xnu-4570.41.2~1/RELEASE_X86_64",
            "python_full_version": "3.6.4",
            "python_version": "3.6",
            "sys_platform": "darwin"
        },
        "pipfile-spec": 6,
        "requires": {
            "python_version": "3.6"
        },
        "sources": [
            {
                "name": "pypi",
                "url": "https://pypi.python.org/simple",
                "verify_ssl": true
            }
        ]
    },
    "default": {
        "click": {
            "hashes": [
                "sha256:29f99fc6125fbc931b758dc053b3114e55c77a6e4c6c3a2674a2dc986016381d",
                "sha256:f15516df478d5a56180fbf80e68f206010e6d160fc39fa508b65e035fd75130b"
            ],
            "version": "==6.7"
        },
        "configparser": {
            "hashes": [
                "sha256:5308b47021bc2340965c371f0f058cc6971a04502638d4244225c49d80db273a"
            ],
            "version": "==3.5.0"
        },
        "flask": {
            "hashes": [
                "sha256:0749df235e3ff61ac108f69ac178c9770caeaccad2509cb762ce1f65570a8856",
                "sha256:49f44461237b69ecd901cc7ce66feea0319b9158743dd27a2899962ab214dac1"
            ],
            "version": "==0.12.2"
        },
        "flask-sqlalchemy": {
            "hashes": [
                "sha256:3bc0fac969dd8c0ace01b32060f0c729565293302f0c4269beed154b46bec50b",
                "sha256:5971b9852b5888655f11db634e87725a9031e170f37c0ce7851cf83497f56e53"
            ],
            "version": "==2.3.2"
        },
        "itsdangerous": {
            "hashes": [
                "sha256:cbb3fcf8d3e33df861709ecaf89d9e6629cff0a217bc2848f1b41cd30d360519"
            ],
            "version": "==0.24"
        },
        "jinja2": {
            "hashes": [
                "sha256:74c935a1b8bb9a3947c50a54766a969d4846290e1e788ea44c1392163723c3bd",
                "sha256:f84be1bb0040caca4cea721fcbbbbd61f9be9464ca236387158b0feea01914a4"
            ],
            "version": "==2.10"
        },
        "markupsafe": {
            "hashes": [
                "sha256:a6be69091dac236ea9c6bc7d012beab42010fa914c459791d627dad4910eb665"
            ],
            "version": "==1.0"
        },
        "mysqlclient": {
            "hashes": [
                "sha256:b3b1a7e4468180afb79289b54069d9499242946a4cedf3928cbf6b2a13800016",
                "sha256:d56e379c03efad746e84705cbb97401f60d1f98b05e11a27f2d9c2d043936974",
                "sha256:371df79d000af56b4e540b7ce2120d1c9afb04b751bfce25a1eb609c50fd10ff",
                "sha256:1e85e48b167e2af3bb08f273fdbd1ad6401cbe75057fa6513f97387dc7b282dc",
                "sha256:2d9ec33de39f4d9c64ad7322ede0521d85829ce36a76f9dd3d6ab76a9c8648e5"
            ],
            "version": "==1.3.12"
        },
        "netifaces": {
            "hashes": [
                "sha256:137a77c2e0a68a3e409a532fe73340c3df6a59ffe8eb565ec8b1f0a131402d09",
                "sha256:ef223d45b73cc96c25a6295f471106b3195d2367b7f153e43490673d89e9240e",
                "sha256:4ddf0f329d83516bba096b7eb1ad2ee354a98e2483f89ad3a590e653ece963c8",
                "sha256:61fd2706de21aac11475c921ba0fd98af19d5280702a11c5c8e2e910765dc378",
                "sha256:48275e627ce9220acfed2e1ca1e4cf01f58940412f2aebac7995750b50232701",
                "sha256:f8b352247ae4b6731192d33fd35b27f247e3e4618a2d5cf65de41d46bbb53223",
                "sha256:a0c7c19e1fb62ac6018582f72d15ac056e75c3d2ab222fb25369e7766ed67453",
                "sha256:8c3a2c7d573511507f0f29c9d1a28ce1b2a958b8d0d7a1b1966c6fd0fa5d2953",
                "sha256:5a0114933657eebe4985fdf7b0099a27ec75501901000770addca6ad7bd23008",
                "sha256:3b19bf224b3e46c62f5f5e65a9fbd2e9731cda09289c76aca110a3dbdf0c3332",
                "sha256:2245677ee3aa1244bbd0fbf3d6e0158d38b612eba406e7be9639e7efe0371bfa",
                "sha256:7925add91982cb689963cc28fb8718c006f7713b527d262e32b29b4491cec295",
                "sha256:0c4da523f36d36f1ef92ee183f2512f3ceb9a9d2a45f7d19cda5a42c6689ebe0",
                "sha256:337f0fae970ab7a9acf5690516f7c7795f41934350cc1e8ad33c5c0331904ac0",
                "sha256:563a18f942a9c9f64eed27fe2a1b3dfb5866a440cdaf4d833213798699cc1789",
                "sha256:88d8fa4fcccaca07519141e95b42f52fb650bed2e8f5b29c44e22968b92b7097",
                "sha256:60f25e5b6d2a682a394c87a6d2bf4d38c8dd8999ee32b955af88ceccaef7fe93",
                "sha256:c455ca29737bf9b298408fd78a48f8fc6ddaa1f50a6eb92d814a8874412c631b",
                "sha256:369eb616a6c844987bd4df486bb5f591aa0d5552378c6831f56ed81cfc228cab"
            ],
            "version": "==0.10.6"
        },
        "psutil": {
            "hashes": [
                "sha256:82a06785db8eeb637b349006cc28a92e40cd190fefae9875246d18d0de7ccac8",
                "sha256:4152ae231709e3e8b80e26b6da20dc965a1a589959c48af1ed024eca6473f60d",
                "sha256:230eeb3aeb077814f3a2cd036ddb6e0f571960d327298cc914c02385c3e02a63",
                "sha256:a3286556d4d2f341108db65d8e20d0cd3fcb9a91741cb5eb496832d7daf2a97c",
                "sha256:94d4e63189f2593960e73acaaf96be235dd8a455fe2bcb37d8ad6f0e87f61556",
                "sha256:c91eee73eea00df5e62c741b380b7e5b6fdd553891bee5669817a3a38d036f13",
                "sha256:779ec7e7621758ca11a8d99a1064996454b3570154277cc21342a01148a49c28",
                "sha256:8a15d773203a1277e57b1d11a7ccdf70804744ef4a9518a87ab8436995c31a4b",
                "sha256:e2467e9312c2fa191687b89ff4bc2ad8843be4af6fb4dc95a7cc5f7d7a327b18"
            ],
            "version": "==5.4.3"
        },
        "redis": {
            "hashes": [
                "sha256:8a1900a9f2a0a44ecf6e8b5eb3e967a9909dfed219ad66df094f27f7d6f330fb",
                "sha256:a22ca993cea2962dbb588f9f30d0015ac4afcc45bee27d3978c0dbe9e97c6c0f"
            ],
            "version": "==2.10.6"
        },
        "sqlalchemy": {
            "hashes": [
                "sha256:6997507af46b10630e13b605ac278b78885fd683d038896dbee0e7ec41d809d2"
            ],
            "version": "==1.2.4"
        },
        "werkzeug": {
            "hashes": [
                "sha256:d5da73735293558eb1651ee2fddc4d0dedcfa06538b8813a2e20011583c9e49b",
                "sha256:c3fd7a7d41976d9f44db327260e263132466836cef6f91512889ed60ad26557c"
            ],
            "version": "==0.14.1"
        }
    },
    "develop": {}
}
